
Microsoft Visual Studio Solution File, Format Version 12.00
# Visual Studio Version 16
VisualStudioVersion = 16.0.31205.134
MinimumVisualStudioVersion = 10.0.40219.1
Project("{FAE04EC0-301F-11D3-BF4B-00C04F79EFBC}") = "CallAPIs", "CallAPIs.csproj", "{AFA94BFE-B533-4BAC-9326-EB058A721BEA}"
EndProject
Global
	GlobalSection(SolutionConfigurationPlatforms) = preSolution
		Debug|Any CPU = Debug|Any CPU
		Release|Any CPU = Release|Any CPU
	EndGlobalSection
	GlobalSection(ProjectConfigurationPlatforms) = postSolution
		{AFA94BFE-B533-4BAC-9326-EB058A721BEA}.Debug|Any CPU.ActiveCfg = Debug|Any CPU
		{AFA94BFE-B533-4BAC-9326-EB058A721BEA}.Debug|Any CPU.Build.0 = Debug|Any CPU
		{AFA94BFE-B533-4BAC-9326-EB058A721BEA}.Release|Any CPU.ActiveCfg = Release|Any CPU
		{AFA94BFE-B533-4BAC-9326-EB058A721BEA}.Release|Any CPU.Build.0 = Release|Any CPU
	EndGlobalSection
	GlobalSection(SolutionProperties) = preSolution
		HideSolutionNode = FALSE
	EndGlobalSection
	GlobalSection(ExtensibilityGlobals) = postSolution
		SolutionGuid = {EF71CAB3-C6D5-4A0B-950F-9ECC4C7DB3EC}
	EndGlobalSection
EndGlobal
